
Microsoft Visual Studio Solution File, Format Version 12.00
# Visual Studio 14
VisualStudioVersion = 14.0.23107.0
MinimumVisualStudioVersion = 10.0.40219.1
Project("{F184B08F-C81C-45F6-A57F-5ABD9991F28F}") = "EmbUI", "EmbUI\EmbUI.vbproj", "{D3B31418-C0E3-43BA-8D00-60BB4112ED15}"
EndProject
Project("{54435603-DBB4-11D2-8724-00A0C9A8B90C}") = "EmbUI Installer", "EmbUI Installer\EmbUI Installer.vdproj", "{0045F2E1-ADF8-47CC-AE64-2A70FDB65931}"
EndProject
Global
	GlobalSection(SolutionConfigurationPlatforms) = preSolution
		Debug|Any CPU = Debug|Any CPU
		Release|Any CPU = Release|Any CPU
	EndGlobalSection
	GlobalSection(ProjectConfigurationPlatforms) = postSolution
		{D3B31418-C0E3-43BA-8D00-60BB4112ED15}.Debug|Any CPU.ActiveCfg = Debug|Any CPU
		{D3B31418-C0E3-43BA-8D00-60BB4112ED15}.Debug|Any CPU.Build.0 = Debug|Any CPU
		{D3B31418-C0E3-43BA-8D00-60BB4112ED15}.Release|Any CPU.ActiveCfg = Release|Any CPU
		{D3B31418-C0E3-43BA-8D00-60BB4112ED15}.Release|Any CPU.Build.0 = Release|Any CPU
		{0045F2E1-ADF8-47CC-AE64-2A70FDB65931}.Debug|Any CPU.ActiveCfg = Debug
		{0045F2E1-ADF8-47CC-AE64-2A70FDB65931}.Release|Any CPU.ActiveCfg = Release
	EndGlobalSection
	GlobalSection(SolutionProperties) = preSolution
		HideSolutionNode = FALSE
	EndGlobalSection
EndGlobal
